
Microsoft Visual Studio Solution File, Format Version 12.00
# Visual Studio Version 17
VisualStudioVersion = 17.5.002.0
MinimumVisualStudioVersion = 10.0.40219.1
Project("{9A19103F-16F7-4668-BE54-9A1E7A4F7556}") = "kotli-english", "kotli-english/kotli-english.csproj", "{28E9D6F6-7942-4DC8-8D9D-E5A7428AF5F4}"
EndProject
Global
	GlobalSection(SolutionConfigurationPlatforms) = preSolution
		Debug|Any CPU = Debug|Any CPU
		Release|Any CPU = Release|Any CPU
	EndGlobalSection
	GlobalSection(ProjectConfigurationPlatforms) = postSolution
		{28E9D6F6-7942-4DC8-8D9D-E5A7428AF5F4}.Debug|Any CPU.ActiveCfg = Debug|Any CPU
		{28E9D6F6-7942-4DC8-8D9D-E5A7428AF5F4}.Debug|Any CPU.Build.0 = Debug|Any CPU
		{28E9D6F6-7942-4DC8-8D9D-E5A7428AF5F4}.Release|Any CPU.ActiveCfg = Release|Any CPU
		{28E9D6F6-7942-4DC8-8D9D-E5A7428AF5F4}.Release|Any CPU.Build.0 = Release|Any CPU
	EndGlobalSection
	GlobalSection(SolutionProperties) = preSolution
		HideSolutionNode = FALSE
	EndGlobalSection
	GlobalSection(ExtensibilityGlobals) = postSolution
		SolutionGuid = {6AFF7E8F-C5AD-4820-8D07-15632B26F25E}
	EndGlobalSection
EndGlobal
