
Microsoft Visual Studio Solution File, Format Version 12.00
# Visual Studio Version 17
VisualStudioVersion = 17.5.002.0
MinimumVisualStudioVersion = 10.0.40219.1
Project("{9A19103F-16F7-4668-BE54-9A1E7A4F7556}") = "kotli-english", "kotli-english\kotli-english.csproj", "{28E9D6F6-7942-4DC8-8D9D-E5A7428AF5F4}"
EndProject
Project("{FAE04EC0-301F-11D3-BF4B-00C04F79EFBC}") = "kotli-english.insert", "kotli-english.insert.data\kotli-english.insert.csproj", "{38546259-C7B7-4FAD-96FB-A01C9F379E00}"
EndProject
Project("{FAE04EC0-301F-11D3-BF4B-00C04F79EFBC}") = "Kotli.English.Domain", "Kotli.English.Domain\Kotli.English.Domain.csproj", "{6EE28C47-7074-458C-91EC-CF391349594D}"
EndProject
Project("{FAE04EC0-301F-11D3-BF4B-00C04F79EFBC}") = "Kotli.English.Infrastructure", "Kotli.English.Infrastructure\Kotli.English.Infrastructure.csproj", "{8B0B66D0-5C39-4B60-B2F0-CAB9B3C168A3}"
EndProject
Global
	GlobalSection(SolutionConfigurationPlatforms) = preSolution
		Debug|Any CPU = Debug|Any CPU
		Release|Any CPU = Release|Any CPU
	EndGlobalSection
	GlobalSection(ProjectConfigurationPlatforms) = postSolution
		{28E9D6F6-7942-4DC8-8D9D-E5A7428AF5F4}.Debug|Any CPU.ActiveCfg = Debug|Any CPU
		{28E9D6F6-7942-4DC8-8D9D-E5A7428AF5F4}.Debug|Any CPU.Build.0 = Debug|Any CPU
		{28E9D6F6-7942-4DC8-8D9D-E5A7428AF5F4}.Release|Any CPU.ActiveCfg = Release|Any CPU
		{28E9D6F6-7942-4DC8-8D9D-E5A7428AF5F4}.Release|Any CPU.Build.0 = Release|Any CPU
		{38546259-C7B7-4FAD-96FB-A01C9F379E00}.Debug|Any CPU.ActiveCfg = Debug|Any CPU
		{38546259-C7B7-4FAD-96FB-A01C9F379E00}.Debug|Any CPU.Build.0 = Debug|Any CPU
		{38546259-C7B7-4FAD-96FB-A01C9F379E00}.Release|Any CPU.ActiveCfg = Release|Any CPU
		{38546259-C7B7-4FAD-96FB-A01C9F379E00}.Release|Any CPU.Build.0 = Release|Any CPU
		{6EE28C47-7074-458C-91EC-CF391349594D}.Debug|Any CPU.ActiveCfg = Debug|Any CPU
		{6EE28C47-7074-458C-91EC-CF391349594D}.Debug|Any CPU.Build.0 = Debug|Any CPU
		{6EE28C47-7074-458C-91EC-CF391349594D}.Release|Any CPU.ActiveCfg = Release|Any CPU
		{6EE28C47-7074-458C-91EC-CF391349594D}.Release|Any CPU.Build.0 = Release|Any CPU
		{8B0B66D0-5C39-4B60-B2F0-CAB9B3C168A3}.Debug|Any CPU.ActiveCfg = Debug|Any CPU
		{8B0B66D0-5C39-4B60-B2F0-CAB9B3C168A3}.Debug|Any CPU.Build.0 = Debug|Any CPU
		{8B0B66D0-5C39-4B60-B2F0-CAB9B3C168A3}.Release|Any CPU.ActiveCfg = Release|Any CPU
		{8B0B66D0-5C39-4B60-B2F0-CAB9B3C168A3}.Release|Any CPU.Build.0 = Release|Any CPU
	EndGlobalSection
	GlobalSection(SolutionProperties) = preSolution
		HideSolutionNode = FALSE
	EndGlobalSection
	GlobalSection(ExtensibilityGlobals) = postSolution
		SolutionGuid = {6AFF7E8F-C5AD-4820-8D07-15632B26F25E}
	EndGlobalSection
EndGlobal
